
Microsoft Visual Studio Solution File, Format Version 12.00
Project("{FAE04EC0-301F-11D3-BF4B-00C04F79EFBC}") = "MontyHallProblem", "MontyHallProblem\MontyHallProblem.csproj", "{B2380AAD-D972-4AB1-B016-7678E96C6C2A}"
EndProject
Project("{FAE04EC0-301F-11D3-BF4B-00C04F79EFBC}") = "MontyHallProblem.Console", "MontyHallProblem.Console\MontyHallProblem.Console.csproj", "{C0269C70-EC21-4C66-ACD8-4AFAF6286E93}"
EndProject
Project("{2150E333-8FDC-42A3-9474-1A3956D46DE8}") = "items", "items", "{4A398713-CAF4-4CFE-ACB2-29549440A749}"
	ProjectSection(SolutionItems) = preProject
		README.md = README.md
		.gitignore = .gitignore
	EndProjectSection
EndProject
Project("{2150E333-8FDC-42A3-9474-1A3956D46DE8}") = "img", "img", "{5E2DB58C-E83C-410B-BC1B-180F9354B401}"
	ProjectSection(SolutionItems) = preProject
		img\ConsoleOutput.PNG = img\ConsoleOutput.PNG
	EndProjectSection
EndProject
Project("{FAE04EC0-301F-11D3-BF4B-00C04F79EFBC}") = "MontyHallProblem.Tests", "MontyHallProblem.Tests\MontyHallProblem.Tests.csproj", "{5059758C-0F77-4690-9F94-1F8A0F321BAE}"
EndProject
Global
	GlobalSection(SolutionConfigurationPlatforms) = preSolution
		Debug|Any CPU = Debug|Any CPU
		Release|Any CPU = Release|Any CPU
	EndGlobalSection
	GlobalSection(ProjectConfigurationPlatforms) = postSolution
		{B2380AAD-D972-4AB1-B016-7678E96C6C2A}.Debug|Any CPU.ActiveCfg = Debug|Any CPU
		{B2380AAD-D972-4AB1-B016-7678E96C6C2A}.Debug|Any CPU.Build.0 = Debug|Any CPU
		{B2380AAD-D972-4AB1-B016-7678E96C6C2A}.Release|Any CPU.ActiveCfg = Release|Any CPU
		{B2380AAD-D972-4AB1-B016-7678E96C6C2A}.Release|Any CPU.Build.0 = Release|Any CPU
		{C0269C70-EC21-4C66-ACD8-4AFAF6286E93}.Debug|Any CPU.ActiveCfg = Debug|Any CPU
		{C0269C70-EC21-4C66-ACD8-4AFAF6286E93}.Debug|Any CPU.Build.0 = Debug|Any CPU
		{C0269C70-EC21-4C66-ACD8-4AFAF6286E93}.Release|Any CPU.ActiveCfg = Release|Any CPU
		{C0269C70-EC21-4C66-ACD8-4AFAF6286E93}.Release|Any CPU.Build.0 = Release|Any CPU
		{5059758C-0F77-4690-9F94-1F8A0F321BAE}.Debug|Any CPU.ActiveCfg = Debug|Any CPU
		{5059758C-0F77-4690-9F94-1F8A0F321BAE}.Debug|Any CPU.Build.0 = Debug|Any CPU
		{5059758C-0F77-4690-9F94-1F8A0F321BAE}.Release|Any CPU.ActiveCfg = Release|Any CPU
		{5059758C-0F77-4690-9F94-1F8A0F321BAE}.Release|Any CPU.Build.0 = Release|Any CPU
	EndGlobalSection
EndGlobal
